
Microsoft Visual Studio Solution File, Format Version 12.00
# Visual Studio Version 17
VisualStudioVersion = 17.14.36518.9 d17.14
MinimumVisualStudioVersion = 10.0.40219.1
Project("{D2ABAB84-BF74-430A-B69E-9DC6D40DDA17}") = "SVD_Project1", "SVD_Project1\SVD_Project1.dwproj", "{54258FDF-8AB4-61C1-89B4-A8DDAEF70C85}"
EndProject
Global
	GlobalSection(SolutionConfigurationPlatforms) = preSolution
		Development|Default = Development|Default
	EndGlobalSection
	GlobalSection(ProjectConfigurationPlatforms) = postSolution
		{54258FDF-8AB4-61C1-89B4-A8DDAEF70C85}.Development|Default.ActiveCfg = Development
		{54258FDF-8AB4-61C1-89B4-A8DDAEF70C85}.Development|Default.Build.0 = Development
		{54258FDF-8AB4-61C1-89B4-A8DDAEF70C85}.Development|Default.Deploy.0 = Development
	EndGlobalSection
	GlobalSection(SolutionProperties) = preSolution
		HideSolutionNode = FALSE
	EndGlobalSection
	GlobalSection(ExtensibilityGlobals) = postSolution
		SolutionGuid = {A13061A9-EBE3-4EEA-AC37-F6E78EFDAD2E}
	EndGlobalSection
EndGlobal
